
Microsoft Visual Studio Solution File, Format Version 12.00
# Visual Studio Version 16
VisualStudioVersion = 16.0.30011.22
MinimumVisualStudioVersion = 10.0.40219.1
Project("{FAE04EC0-301F-11D3-BF4B-00C04F79EFBC}") = "OpticaPMDM.Android", "OpticaPMDM\OpticaPMDM.Android\OpticaPMDM.Android.csproj", "{B917D4A3-D46D-49FA-BB37-98653AB5284A}"
EndProject
Project("{FAE04EC0-301F-11D3-BF4B-00C04F79EFBC}") = "OpticaPMDM.iOS", "OpticaPMDM\OpticaPMDM.iOS\OpticaPMDM.iOS.csproj", "{B3029AD2-1D7E-47AF-89C8-5A397273DA47}"
EndProject
Project("{FAE04EC0-301F-11D3-BF4B-00C04F79EFBC}") = "OpticaPMDM", "OpticaPMDM\OpticaPMDM\OpticaPMDM.csproj", "{8ACC0A8F-D92C-482C-86F2-6F8E4ACF4C93}"
EndProject
Global
	GlobalSection(SolutionConfigurationPlatforms) = preSolution
		Debug|Any CPU = Debug|Any CPU
		Debug|iPhone = Debug|iPhone
		Debug|iPhoneSimulator = Debug|iPhoneSimulator
		Release|Any CPU = Release|Any CPU
		Release|iPhone = Release|iPhone
		Release|iPhoneSimulator = Release|iPhoneSimulator
	EndGlobalSection
	GlobalSection(ProjectConfigurationPlatforms) = postSolution
		{B917D4A3-D46D-49FA-BB37-98653AB5284A}.Debug|Any CPU.ActiveCfg = Debug|Any CPU
		{B917D4A3-D46D-49FA-BB37-98653AB5284A}.Debug|Any CPU.Build.0 = Debug|Any CPU
		{B917D4A3-D46D-49FA-BB37-98653AB5284A}.Debug|Any CPU.Deploy.0 = Debug|Any CPU
		{B917D4A3-D46D-49FA-BB37-98653AB5284A}.Debug|iPhone.ActiveCfg = Debug|Any CPU
		{B917D4A3-D46D-49FA-BB37-98653AB5284A}.Debug|iPhone.Build.0 = Debug|Any CPU
		{B917D4A3-D46D-49FA-BB37-98653AB5284A}.Debug|iPhone.Deploy.0 = Debug|Any CPU
		{B917D4A3-D46D-49FA-BB37-98653AB5284A}.Debug|iPhoneSimulator.ActiveCfg = Debug|Any CPU
		{B917D4A3-D46D-49FA-BB37-98653AB5284A}.Debug|iPhoneSimulator.Build.0 = Debug|Any CPU
		{B917D4A3-D46D-49FA-BB37-98653AB5284A}.Debug|iPhoneSimulator.Deploy.0 = Debug|Any CPU
		{B917D4A3-D46D-49FA-BB37-98653AB5284A}.Release|Any CPU.ActiveCfg = Release|Any CPU
		{B917D4A3-D46D-49FA-BB37-98653AB5284A}.Release|Any CPU.Build.0 = Release|Any CPU
		{B917D4A3-D46D-49FA-BB37-98653AB5284A}.Release|Any CPU.Deploy.0 = Release|Any CPU
		{B917D4A3-D46D-49FA-BB37-98653AB5284A}.Release|iPhone.ActiveCfg = Release|Any CPU
		{B917D4A3-D46D-49FA-BB37-98653AB5284A}.Release|iPhone.Build.0 = Release|Any CPU
		{B917D4A3-D46D-49FA-BB37-98653AB5284A}.Release|iPhone.Deploy.0 = Release|Any CPU
		{B917D4A3-D46D-49FA-BB37-98653AB5284A}.Release|iPhoneSimulator.ActiveCfg = Release|Any CPU
		{B917D4A3-D46D-49FA-BB37-98653AB5284A}.Release|iPhoneSimulator.Build.0 = Release|Any CPU
		{B917D4A3-D46D-49FA-BB37-98653AB5284A}.Release|iPhoneSimulator.Deploy.0 = Release|Any CPU
		{B3029AD2-1D7E-47AF-89C8-5A397273DA47}.Debug|Any CPU.ActiveCfg = Debug|iPhone
		{B3029AD2-1D7E-47AF-89C8-5A397273DA47}.Debug|Any CPU.Build.0 = Debug|iPhone
		{B3029AD2-1D7E-47AF-89C8-5A397273DA47}.Debug|Any CPU.Deploy.0 = Debug|iPhone
		{B3029AD2-1D7E-47AF-89C8-5A397273DA47}.Debug|iPhone.ActiveCfg = Debug|iPhone
		{B3029AD2-1D7E-47AF-89C8-5A397273DA47}.Debug|iPhone.Build.0 = Debug|iPhone
		{B3029AD2-1D7E-47AF-89C8-5A397273DA47}.Debug|iPhone.Deploy.0 = Debug|iPhone
		{B3029AD2-1D7E-47AF-89C8-5A397273DA47}.Debug|iPhoneSimulator.ActiveCfg = Debug|iPhoneSimulator
		{B3029AD2-1D7E-47AF-89C8-5A397273DA47}.Debug|iPhoneSimulator.Build.0 = Debug|iPhoneSimulator
		{B3029AD2-1D7E-47AF-89C8-5A397273DA47}.Debug|iPhoneSimulator.Deploy.0 = Debug|iPhoneSimulator
		{B3029AD2-1D7E-47AF-89C8-5A397273DA47}.Release|Any CPU.ActiveCfg = Release|iPhone
		{B3029AD2-1D7E-47AF-89C8-5A397273DA47}.Release|Any CPU.Build.0 = Release|iPhone
		{B3029AD2-1D7E-47AF-89C8-5A397273DA47}.Release|Any CPU.Deploy.0 = Release|iPhone
		{B3029AD2-1D7E-47AF-89C8-5A397273DA47}.Release|iPhone.ActiveCfg = Release|iPhone
		{B3029AD2-1D7E-47AF-89C8-5A397273DA47}.Release|iPhone.Build.0 = Release|iPhone
		{B3029AD2-1D7E-47AF-89C8-5A397273DA47}.Release|iPhone.Deploy.0 = Release|iPhone
		{B3029AD2-1D7E-47AF-89C8-5A397273DA47}.Release|iPhoneSimulator.ActiveCfg = Release|iPhoneSimulator
		{B3029AD2-1D7E-47AF-89C8-5A397273DA47}.Release|iPhoneSimulator.Build.0 = Release|iPhoneSimulator
		{B3029AD2-1D7E-47AF-89C8-5A397273DA47}.Release|iPhoneSimulator.Deploy.0 = Release|iPhoneSimulator
		{8ACC0A8F-D92C-482C-86F2-6F8E4ACF4C93}.Debug|Any CPU.ActiveCfg = Debug|Any CPU
		{8ACC0A8F-D92C-482C-86F2-6F8E4ACF4C93}.Debug|Any CPU.Build.0 = Debug|Any CPU
		{8ACC0A8F-D92C-482C-86F2-6F8E4ACF4C93}.Debug|Any CPU.Deploy.0 = Debug|Any CPU
		{8ACC0A8F-D92C-482C-86F2-6F8E4ACF4C93}.Debug|iPhone.ActiveCfg = Debug|Any CPU
		{8ACC0A8F-D92C-482C-86F2-6F8E4ACF4C93}.Debug|iPhone.Build.0 = Debug|Any CPU
		{8ACC0A8F-D92C-482C-86F2-6F8E4ACF4C93}.Debug|iPhone.Deploy.0 = Debug|Any CPU
		{8ACC0A8F-D92C-482C-86F2-6F8E4ACF4C93}.Debug|iPhoneSimulator.ActiveCfg = Debug|Any CPU
		{8ACC0A8F-D92C-482C-86F2-6F8E4ACF4C93}.Debug|iPhoneSimulator.Build.0 = Debug|Any CPU
		{8ACC0A8F-D92C-482C-86F2-6F8E4ACF4C93}.Debug|iPhoneSimulator.Deploy.0 = Debug|Any CPU
		{8ACC0A8F-D92C-482C-86F2-6F8E4ACF4C93}.Release|Any CPU.ActiveCfg = Release|Any CPU
		{8ACC0A8F-D92C-482C-86F2-6F8E4ACF4C93}.Release|Any CPU.Build.0 = Release|Any CPU
		{8ACC0A8F-D92C-482C-86F2-6F8E4ACF4C93}.Release|Any CPU.Deploy.0 = Release|Any CPU
		{8ACC0A8F-D92C-482C-86F2-6F8E4ACF4C93}.Release|iPhone.ActiveCfg = Release|Any CPU
		{8ACC0A8F-D92C-482C-86F2-6F8E4ACF4C93}.Release|iPhone.Build.0 = Release|Any CPU
		{8ACC0A8F-D92C-482C-86F2-6F8E4ACF4C93}.Release|iPhone.Deploy.0 = Release|Any CPU
		{8ACC0A8F-D92C-482C-86F2-6F8E4ACF4C93}.Release|iPhoneSimulator.ActiveCfg = Release|Any CPU
		{8ACC0A8F-D92C-482C-86F2-6F8E4ACF4C93}.Release|iPhoneSimulator.Build.0 = Release|Any CPU
		{8ACC0A8F-D92C-482C-86F2-6F8E4ACF4C93}.Release|iPhoneSimulator.Deploy.0 = Release|Any CPU
	EndGlobalSection
	GlobalSection(SolutionProperties) = preSolution
		HideSolutionNode = FALSE
	EndGlobalSection
	GlobalSection(ExtensibilityGlobals) = postSolution
		SolutionGuid = {F9669441-3121-49D7-961B-63C4A8A73BD9}
	EndGlobalSection
EndGlobal
